
Microsoft Visual Studio Solution File, Format Version 12.00
# Visual Studio Version 17
VisualStudioVersion = 17.0.32014.148
MinimumVisualStudioVersion = 10.0.40219.1
Project("{FAE04EC0-301F-11D3-BF4B-00C04F79EFBC}") = "BlueThinnerClient", "BlueThinnerClient\BlueThinnerClient.csproj", "{D3F92711-3185-4CB7-BAB6-5278772D5AF8}"
EndProject
Global
	GlobalSection(SolutionConfigurationPlatforms) = preSolution
		Debug|Any CPU = Debug|Any CPU
		Release|Any CPU = Release|Any CPU
	EndGlobalSection
	GlobalSection(ProjectConfigurationPlatforms) = postSolution
		{D3F92711-3185-4CB7-BAB6-5278772D5AF8}.Debug|Any CPU.ActiveCfg = Debug|Any CPU
		{D3F92711-3185-4CB7-BAB6-5278772D5AF8}.Debug|Any CPU.Build.0 = Debug|Any CPU
		{D3F92711-3185-4CB7-BAB6-5278772D5AF8}.Release|Any CPU.ActiveCfg = Release|Any CPU
		{D3F92711-3185-4CB7-BAB6-5278772D5AF8}.Release|Any CPU.Build.0 = Release|Any CPU
	EndGlobalSection
	GlobalSection(SolutionProperties) = preSolution
		HideSolutionNode = FALSE
	EndGlobalSection
	GlobalSection(ExtensibilityGlobals) = postSolution
		SolutionGuid = {FB97CC93-F015-4D9A-A7AE-55A24B9AA80F}
	EndGlobalSection
EndGlobal
